
Microsoft Visual Studio Solution File, Format Version 12.00
# Visual Studio Version 16
VisualStudioVersion = 16.0.32002.261
MinimumVisualStudioVersion = 10.0.40219.1
Project("{FAE04EC0-301F-11D3-BF4B-00C04F79EFBC}") = "CSC237_TripLog_start1", "CSC237_TripLog_start1\CSC237_TripLog_start1.csproj", "{E978BD64-8258-4945-8363-568973FAEABE}"
EndProject
Global
	GlobalSection(SolutionConfigurationPlatforms) = preSolution
		Debug|Any CPU = Debug|Any CPU
		Release|Any CPU = Release|Any CPU
	EndGlobalSection
	GlobalSection(ProjectConfigurationPlatforms) = postSolution
		{E978BD64-8258-4945-8363-568973FAEABE}.Debug|Any CPU.ActiveCfg = Debug|Any CPU
		{E978BD64-8258-4945-8363-568973FAEABE}.Debug|Any CPU.Build.0 = Debug|Any CPU
		{E978BD64-8258-4945-8363-568973FAEABE}.Release|Any CPU.ActiveCfg = Release|Any CPU
		{E978BD64-8258-4945-8363-568973FAEABE}.Release|Any CPU.Build.0 = Release|Any CPU
	EndGlobalSection
	GlobalSection(SolutionProperties) = preSolution
		HideSolutionNode = FALSE
	EndGlobalSection
	GlobalSection(ExtensibilityGlobals) = postSolution
		SolutionGuid = {8EBB68D4-2726-48C2-9EED-542CF91245A6}
	EndGlobalSection
EndGlobal
